
Microsoft Visual Studio Solution File, Format Version 12.00
# Visual Studio 15
VisualStudioVersion = 15.0.27130.2003
MinimumVisualStudioVersion = 10.0.40219.1
Project("{F184B08F-C81C-45F6-A57F-5ABD9991F28F}") = "baby317_deploy", "baby317\baby317_deploy.vbproj", "{9182AC7E-F8DA-4C4F-B881-136252A5255A}"
EndProject
Project("{F184B08F-C81C-45F6-A57F-5ABD9991F28F}") = "baby317_lib", "baby317_lib\baby317_lib.vbproj", "{841E0BF7-90F5-47ED-8EF8-7E36173E7955}"
EndProject
Project("{2150E333-8FDC-42A3-9474-1A3956D46DE8}") = "Images", "Images", "{986DD79A-EF2D-4BE9-993C-61FA5C59A17C}"
	ProjectSection(SolutionItems) = preProject
		favicon.ico = favicon.ico
	EndProjectSection
EndProject
Global
	GlobalSection(SolutionConfigurationPlatforms) = preSolution
		Debug|Any CPU = Debug|Any CPU
		Release|Any CPU = Release|Any CPU
	EndGlobalSection
	GlobalSection(ProjectConfigurationPlatforms) = postSolution
		{9182AC7E-F8DA-4C4F-B881-136252A5255A}.Debug|Any CPU.ActiveCfg = Debug|Any CPU
		{9182AC7E-F8DA-4C4F-B881-136252A5255A}.Debug|Any CPU.Build.0 = Debug|Any CPU
		{9182AC7E-F8DA-4C4F-B881-136252A5255A}.Release|Any CPU.ActiveCfg = Release|Any CPU
		{9182AC7E-F8DA-4C4F-B881-136252A5255A}.Release|Any CPU.Build.0 = Release|Any CPU
		{841E0BF7-90F5-47ED-8EF8-7E36173E7955}.Debug|Any CPU.ActiveCfg = Debug|Any CPU
		{841E0BF7-90F5-47ED-8EF8-7E36173E7955}.Debug|Any CPU.Build.0 = Debug|Any CPU
		{841E0BF7-90F5-47ED-8EF8-7E36173E7955}.Release|Any CPU.ActiveCfg = Release|Any CPU
		{841E0BF7-90F5-47ED-8EF8-7E36173E7955}.Release|Any CPU.Build.0 = Release|Any CPU
	EndGlobalSection
	GlobalSection(SolutionProperties) = preSolution
		HideSolutionNode = FALSE
	EndGlobalSection
	GlobalSection(ExtensibilityGlobals) = postSolution
		SolutionGuid = {A7AE2604-97DC-432A-BFEC-786AD71AB8F3}
	EndGlobalSection
EndGlobal
